
Microsoft Visual Studio Solution File, Format Version 12.00
# Visual Studio Version 17
VisualStudioVersion = 17.11.35222.181
MinimumVisualStudioVersion = 10.0.40219.1
Project("{8BC9CEB8-8B4A-11D0-8D11-00A0C91BC942}") = "정수 배열의 동적 크기조정", "정수 배열의 동적 크기조정.vcxproj", "{89EF9EA2-ECDC-4366-831E-C889636DE03A}"
EndProject
Global
	GlobalSection(SolutionConfigurationPlatforms) = preSolution
		Debug|x64 = Debug|x64
		Debug|x86 = Debug|x86
		Release|x64 = Release|x64
		Release|x86 = Release|x86
	EndGlobalSection
	GlobalSection(ProjectConfigurationPlatforms) = postSolution
		{89EF9EA2-ECDC-4366-831E-C889636DE03A}.Debug|x64.ActiveCfg = Debug|x64
		{89EF9EA2-ECDC-4366-831E-C889636DE03A}.Debug|x64.Build.0 = Debug|x64
		{89EF9EA2-ECDC-4366-831E-C889636DE03A}.Debug|x86.ActiveCfg = Debug|Win32
		{89EF9EA2-ECDC-4366-831E-C889636DE03A}.Debug|x86.Build.0 = Debug|Win32
		{89EF9EA2-ECDC-4366-831E-C889636DE03A}.Release|x64.ActiveCfg = Release|x64
		{89EF9EA2-ECDC-4366-831E-C889636DE03A}.Release|x64.Build.0 = Release|x64
		{89EF9EA2-ECDC-4366-831E-C889636DE03A}.Release|x86.ActiveCfg = Release|Win32
		{89EF9EA2-ECDC-4366-831E-C889636DE03A}.Release|x86.Build.0 = Release|Win32
	EndGlobalSection
	GlobalSection(SolutionProperties) = preSolution
		HideSolutionNode = FALSE
	EndGlobalSection
	GlobalSection(ExtensibilityGlobals) = postSolution
		SolutionGuid = {16383929-C22C-47CC-90FA-D284E67CFE29}
	EndGlobalSection
EndGlobal
