
Microsoft Visual Studio Solution File, Format Version 12.00
# Visual Studio Version 17
VisualStudioVersion = 17.11.35222.181
MinimumVisualStudioVersion = 10.0.40219.1
Project("{8BC9CEB8-8B4A-11D0-8D11-00A0C91BC942}") = "p.260_도전실전예제", "p.260_도전실전예제.vcxproj", "{43E6EC8D-20E2-4C47-B449-3F49C00B488B}"
EndProject
Global
	GlobalSection(SolutionConfigurationPlatforms) = preSolution
		Debug|x64 = Debug|x64
		Debug|x86 = Debug|x86
		Release|x64 = Release|x64
		Release|x86 = Release|x86
	EndGlobalSection
	GlobalSection(ProjectConfigurationPlatforms) = postSolution
		{43E6EC8D-20E2-4C47-B449-3F49C00B488B}.Debug|x64.ActiveCfg = Debug|x64
		{43E6EC8D-20E2-4C47-B449-3F49C00B488B}.Debug|x64.Build.0 = Debug|x64
		{43E6EC8D-20E2-4C47-B449-3F49C00B488B}.Debug|x86.ActiveCfg = Debug|Win32
		{43E6EC8D-20E2-4C47-B449-3F49C00B488B}.Debug|x86.Build.0 = Debug|Win32
		{43E6EC8D-20E2-4C47-B449-3F49C00B488B}.Release|x64.ActiveCfg = Release|x64
		{43E6EC8D-20E2-4C47-B449-3F49C00B488B}.Release|x64.Build.0 = Release|x64
		{43E6EC8D-20E2-4C47-B449-3F49C00B488B}.Release|x86.ActiveCfg = Release|Win32
		{43E6EC8D-20E2-4C47-B449-3F49C00B488B}.Release|x86.Build.0 = Release|Win32
	EndGlobalSection
	GlobalSection(SolutionProperties) = preSolution
		HideSolutionNode = FALSE
	EndGlobalSection
	GlobalSection(ExtensibilityGlobals) = postSolution
		SolutionGuid = {55BFFE73-1517-496F-9BE5-14E8E3DD1A15}
	EndGlobalSection
EndGlobal
