
Microsoft Visual Studio Solution File, Format Version 12.00
# Visual Studio Version 17
VisualStudioVersion = 17.11.35222.181
MinimumVisualStudioVersion = 10.0.40219.1
Project("{8BC9CEB8-8B4A-11D0-8D11-00A0C91BC942}") = "programming_project", "programming_project.vcxproj", "{15C3E772-B949-471A-9089-CEDC0B2B8241}"
EndProject
Global
	GlobalSection(SolutionConfigurationPlatforms) = preSolution
		Debug|x64 = Debug|x64
		Debug|x86 = Debug|x86
		Release|x64 = Release|x64
		Release|x86 = Release|x86
	EndGlobalSection
	GlobalSection(ProjectConfigurationPlatforms) = postSolution
		{15C3E772-B949-471A-9089-CEDC0B2B8241}.Debug|x64.ActiveCfg = Debug|x64
		{15C3E772-B949-471A-9089-CEDC0B2B8241}.Debug|x64.Build.0 = Debug|x64
		{15C3E772-B949-471A-9089-CEDC0B2B8241}.Debug|x86.ActiveCfg = Debug|Win32
		{15C3E772-B949-471A-9089-CEDC0B2B8241}.Debug|x86.Build.0 = Debug|Win32
		{15C3E772-B949-471A-9089-CEDC0B2B8241}.Release|x64.ActiveCfg = Release|x64
		{15C3E772-B949-471A-9089-CEDC0B2B8241}.Release|x64.Build.0 = Release|x64
		{15C3E772-B949-471A-9089-CEDC0B2B8241}.Release|x86.ActiveCfg = Release|Win32
		{15C3E772-B949-471A-9089-CEDC0B2B8241}.Release|x86.Build.0 = Release|Win32
	EndGlobalSection
	GlobalSection(SolutionProperties) = preSolution
		HideSolutionNode = FALSE
	EndGlobalSection
	GlobalSection(ExtensibilityGlobals) = postSolution
		SolutionGuid = {35A07F05-8385-4DE1-B3FE-CD30855552C8}
	EndGlobalSection
EndGlobal
